// !$*UTF8*$!
{
	archiveVersion = 1;
	classes = {
	};
	objectVersion = 55;
	objects = {

/* Begin PBXBuildFile section */
		E7341BE82822DC2E00AFF116 /* GameKit.framework in Frameworks */ = {isa = PBXBuildFile; fileRef = E7341BE72822DC2E00AFF116 /* GameKit.framework */; };
		E7341BEA2822DC9800AFF116 /* AppRoot.swift in Sources */ = {isa = PBXBuildFile; fileRef = E7341BE92822DC9800AFF116 /* AppRoot.swift */; };
		E7341BEB2822DC9800AFF116 /* AppRoot.swift in Sources */ = {isa = PBXBuildFile; fileRef = E7341BE92822DC9800AFF116 /* AppRoot.swift */; };
		E7346322283841F300265F8F /* MainMenu.swift in Sources */ = {isa = PBXBuildFile; fileRef = E7346321283841F300265F8F /* MainMenu.swift */; };
		E7346323283841F300265F8F /* MainMenu.swift in Sources */ = {isa = PBXBuildFile; fileRef = E7346321283841F300265F8F /* MainMenu.swift */; };
		E7A3525228478DD800827380 /* TurnManager.swift in Sources */ = {isa = PBXBuildFile; fileRef = E7A3525128478DD800827380 /* TurnManager.swift */; };
		E7A3525328478DD800827380 /* TurnManager.swift in Sources */ = {isa = PBXBuildFile; fileRef = E7A3525128478DD800827380 /* TurnManager.swift */; };
		E7CFCE3B283AB1DA0019AAF5 /* PleaseWait.swift in Sources */ = {isa = PBXBuildFile; fileRef = E7CFCE3A283AB1DA0019AAF5 /* PleaseWait.swift */; };
		E7CFCE3C283AB1DA0019AAF5 /* PleaseWait.swift in Sources */ = {isa = PBXBuildFile; fileRef = E7CFCE3A283AB1DA0019AAF5 /* PleaseWait.swift */; };
		E7CFCE3E283AB1F20019AAF5 /* EnvironmentValues.swift in Sources */ = {isa = PBXBuildFile; fileRef = E7CFCE3D283AB1F10019AAF5 /* EnvironmentValues.swift */; };
		E7CFCE3F283AB1F20019AAF5 /* EnvironmentValues.swift in Sources */ = {isa = PBXBuildFile; fileRef = E7CFCE3D283AB1F10019AAF5 /* EnvironmentValues.swift */; };
		E7CFCE41283AB23B0019AAF5 /* MatchLoader.swift in Sources */ = {isa = PBXBuildFile; fileRef = E7CFCE40283AB23B0019AAF5 /* MatchLoader.swift */; };
		E7CFCE42283AB23B0019AAF5 /* MatchLoader.swift in Sources */ = {isa = PBXBuildFile; fileRef = E7CFCE40283AB23B0019AAF5 /* MatchLoader.swift */; };
		E7CFCE44283AB24D0019AAF5 /* MainMenuMatchList.swift in Sources */ = {isa = PBXBuildFile; fileRef = E7CFCE43283AB24D0019AAF5 /* MainMenuMatchList.swift */; };
		E7CFCE45283AB24D0019AAF5 /* MainMenuMatchList.swift in Sources */ = {isa = PBXBuildFile; fileRef = E7CFCE43283AB24D0019AAF5 /* MainMenuMatchList.swift */; };
		E7CFCE47283AB3210019AAF5 /* MatchThumbnail.swift in Sources */ = {isa = PBXBuildFile; fileRef = E7CFCE46283AB3210019AAF5 /* MatchThumbnail.swift */; };
		E7CFCE48283AB3210019AAF5 /* MatchThumbnail.swift in Sources */ = {isa = PBXBuildFile; fileRef = E7CFCE46283AB3210019AAF5 /* MatchThumbnail.swift */; };
		E7CFCE4A283AB6190019AAF5 /* MainMenuButtonStyle.swift in Sources */ = {isa = PBXBuildFile; fileRef = E7CFCE49283AB6190019AAF5 /* MainMenuButtonStyle.swift */; };
		E7CFCE4B283AB6190019AAF5 /* MainMenuButtonStyle.swift in Sources */ = {isa = PBXBuildFile; fileRef = E7CFCE49283AB6190019AAF5 /* MainMenuButtonStyle.swift */; };
		E7CFCE80283ABC220019AAF5 /* GKMatchmakerView+macOS.swift in Sources */ = {isa = PBXBuildFile; fileRef = E7CFCE54283ABC220019AAF5 /* GKMatchmakerView+macOS.swift */; };
		E7CFCE82283ABC220019AAF5 /* MatchmakerViewController+macOS.swift in Sources */ = {isa = PBXBuildFile; fileRef = E7CFCE55283ABC220019AAF5 /* MatchmakerViewController+macOS.swift */; };
		E7CFCE84283ABC220019AAF5 /* GKTurnBasedMatchmakerView+macOS.swift in Sources */ = {isa = PBXBuildFile; fileRef = E7CFCE57283ABC220019AAF5 /* GKTurnBasedMatchmakerView+macOS.swift */; };
		E7CFCE86283ABC220019AAF5 /* TurnBasedMatchmakerViewController+macOS.swift in Sources */ = {isa = PBXBuildFile; fileRef = E7CFCE58283ABC220019AAF5 /* TurnBasedMatchmakerViewController+macOS.swift */; };
		E7CFCE88283ABC220019AAF5 /* InviteViewController+macOS.swift in Sources */ = {isa = PBXBuildFile; fileRef = E7CFCE5A283ABC220019AAF5 /* InviteViewController+macOS.swift */; };
		E7CFCE8A283ABC220019AAF5 /* GKInviteView+macOS.swift in Sources */ = {isa = PBXBuildFile; fileRef = E7CFCE5B283ABC220019AAF5 /* GKInviteView+macOS.swift */; };
		E7CFCE8C283ABC220019AAF5 /* GKGameCenterView+macOS.swift in Sources */ = {isa = PBXBuildFile; fileRef = E7CFCE5C283ABC220019AAF5 /* GKGameCenterView+macOS.swift */; };
		E7CFCE8E283ABC220019AAF5 /* LoadingViewController+macOS.swift in Sources */ = {isa = PBXBuildFile; fileRef = E7CFCE5D283ABC220019AAF5 /* LoadingViewController+macOS.swift */; };
		E7CFCE90283ABC220019AAF5 /* GKAuthenticationViewController+macOS.swift in Sources */ = {isa = PBXBuildFile; fileRef = E7CFCE5F283ABC220019AAF5 /* GKAuthenticationViewController+macOS.swift */; };
		E7CFCE92283ABC220019AAF5 /* GKAuthenticationView+macOS.swift in Sources */ = {isa = PBXBuildFile; fileRef = E7CFCE60283ABC220019AAF5 /* GKAuthenticationView+macOS.swift */; };
		E7CFCE94283ABC220019AAF5 /* GKAuthentication+macOS.swift in Sources */ = {isa = PBXBuildFile; fileRef = E7CFCE61283ABC220019AAF5 /* GKAuthentication+macOS.swift */; };
		E7CFCE96283ABC220019AAF5 /* NSViewController+Child.swift in Sources */ = {isa = PBXBuildFile; fileRef = E7CFCE62283ABC220019AAF5 /* NSViewController+Child.swift */; };
		E7CFCE97283ABC220019AAF5 /* Invite.swift in Sources */ = {isa = PBXBuildFile; fileRef = E7CFCE65283ABC220019AAF5 /* Invite.swift */; };
		E7CFCE98283ABC220019AAF5 /* Invite.swift in Sources */ = {isa = PBXBuildFile; fileRef = E7CFCE65283ABC220019AAF5 /* Invite.swift */; };
		E7CFCE99283ABC220019AAF5 /* GKMatchManager.swift in Sources */ = {isa = PBXBuildFile; fileRef = E7CFCE66283ABC220019AAF5 /* GKMatchManager.swift */; };
		E7CFCE9A283ABC220019AAF5 /* GKMatchManager.swift in Sources */ = {isa = PBXBuildFile; fileRef = E7CFCE66283ABC220019AAF5 /* GKMatchManager.swift */; };
		E7CFCE9B283ABC220019AAF5 /* GKUIMatch.swift in Sources */ = {isa = PBXBuildFile; fileRef = E7CFCE67283ABC220019AAF5 /* GKUIMatch.swift */; };
		E7CFCE9C283ABC220019AAF5 /* GKUIMatch.swift in Sources */ = {isa = PBXBuildFile; fileRef = E7CFCE67283ABC220019AAF5 /* GKUIMatch.swift */; };
		E7CFCE9D283ABC220019AAF5 /* OSLog.swift in Sources */ = {isa = PBXBuildFile; fileRef = E7CFCE68283ABC220019AAF5 /* OSLog.swift */; };
		E7CFCE9E283ABC220019AAF5 /* OSLog.swift in Sources */ = {isa = PBXBuildFile; fileRef = E7CFCE68283ABC220019AAF5 /* OSLog.swift */; };
		E7CFCE9F283ABC220019AAF5 /* GKAuthenticationError.swift in Sources */ = {isa = PBXBuildFile; fileRef = E7CFCE6A283ABC220019AAF5 /* GKAuthenticationError.swift */; };
		E7CFCEA0283ABC220019AAF5 /* GKAuthenticationError.swift in Sources */ = {isa = PBXBuildFile; fileRef = E7CFCE6A283ABC220019AAF5 /* GKAuthenticationError.swift */; };
		E7CFCEA1283ABC220019AAF5 /* GKGameCenterView+iOS.swift in Sources */ = {isa = PBXBuildFile; fileRef = E7CFCE6C283ABC220019AAF5 /* GKGameCenterView+iOS.swift */; };
		E7CFCEA3283ABC220019AAF5 /* MatchmakerViewController+iOS.swift in Sources */ = {isa = PBXBuildFile; fileRef = E7CFCE6E283ABC220019AAF5 /* MatchmakerViewController+iOS.swift */; };
		E7CFCEA5283ABC220019AAF5 /* GKMatchmakerView+iOS.swift in Sources */ = {isa = PBXBuildFile; fileRef = E7CFCE6F283ABC220019AAF5 /* GKMatchmakerView+iOS.swift */; };
		E7CFCEA7283ABC220019AAF5 /* UIViewController+Child.swift in Sources */ = {isa = PBXBuildFile; fileRef = E7CFCE70283ABC220019AAF5 /* UIViewController+Child.swift */; };
		E7CFCEA9283ABC220019AAF5 /* TurnBasedMatchmakerViewController+iOS.swift in Sources */ = {isa = PBXBuildFile; fileRef = E7CFCE72283ABC220019AAF5 /* TurnBasedMatchmakerViewController+iOS.swift */; };
		E7CFCEAB283ABC220019AAF5 /* GKTurnBasedMatchmakerView+iOS.swift in Sources */ = {isa = PBXBuildFile; fileRef = E7CFCE73283ABC220019AAF5 /* GKTurnBasedMatchmakerView+iOS.swift */; };
		E7CFCEAD283ABC220019AAF5 /* GKInviteView+iOS.swift in Sources */ = {isa = PBXBuildFile; fileRef = E7CFCE75283ABC220019AAF5 /* GKInviteView+iOS.swift */; };
		E7CFCEAF283ABC220019AAF5 /* InviteViewController+iOS.swift in Sources */ = {isa = PBXBuildFile; fileRef = E7CFCE76283ABC220019AAF5 /* InviteViewController+iOS.swift */; };
		E7CFCEB1283ABC220019AAF5 /* LoadingViewController+iOS.swift in Sources */ = {isa = PBXBuildFile; fileRef = E7CFCE77283ABC220019AAF5 /* LoadingViewController+iOS.swift */; };
		E7CFCEB3283ABC220019AAF5 /* GKAuthenticationViewController+iOS.swift in Sources */ = {isa = PBXBuildFile; fileRef = E7CFCE79283ABC220019AAF5 /* GKAuthenticationViewController+iOS.swift */; };
		E7CFCEB5283ABC220019AAF5 /* GKAuthenticationView+iOS.swift in Sources */ = {isa = PBXBuildFile; fileRef = E7CFCE7A283ABC220019AAF5 /* GKAuthenticationView+iOS.swift */; };
		E7CFCEB7283ABC220019AAF5 /* GKAuthentication+iOS.swift in Sources */ = {isa = PBXBuildFile; fileRef = E7CFCE7B283ABC220019AAF5 /* GKAuthentication+iOS.swift */; };
		E7CFCEB9283ABC220019AAF5 /* TurnBasedMatchmakerViewController+tvOS.swift in Sources */ = {isa = PBXBuildFile; fileRef = E7CFCE7E283ABC220019AAF5 /* TurnBasedMatchmakerViewController+tvOS.swift */; };
		E7CFCEBA283ABC220019AAF5 /* TurnBasedMatchmakerViewController+tvOS.swift in Sources */ = {isa = PBXBuildFile; fileRef = E7CFCE7E283ABC220019AAF5 /* TurnBasedMatchmakerViewController+tvOS.swift */; };
		E7CFCEC8283C12770019AAF5 /* Match.swift in Sources */ = {isa = PBXBuildFile; fileRef = E7CFCEC7283C12770019AAF5 /* Match.swift */; };
		E7CFCEC9283C12770019AAF5 /* Match.swift in Sources */ = {isa = PBXBuildFile; fileRef = E7CFCEC7283C12770019AAF5 /* Match.swift */; };
		E7DDE1FB2822CFAB0033B3A1 /* MultiplayerWordGameApp.swift in Sources */ = {isa = PBXBuildFile; fileRef = E7DDE1EB2822CFA90033B3A1 /* MultiplayerWordGameApp.swift */; };
		E7DDE1FC2822CFAB0033B3A1 /* MultiplayerWordGameApp.swift in Sources */ = {isa = PBXBuildFile; fileRef = E7DDE1EB2822CFA90033B3A1 /* MultiplayerWordGameApp.swift */; };
		E7DDE1FD2822CFAB0033B3A1 /* ContentView.swift in Sources */ = {isa = PBXBuildFile; fileRef = E7DDE1EC2822CFA90033B3A1 /* ContentView.swift */; };
		E7DDE1FE2822CFAB0033B3A1 /* ContentView.swift in Sources */ = {isa = PBXBuildFile; fileRef = E7DDE1EC2822CFA90033B3A1 /* ContentView.swift */; };
		E7DDE20D2822D1500033B3A1 /* ColorExtensions.swift in Sources */ = {isa = PBXBuildFile; fileRef = E7DDE20A2822D1500033B3A1 /* ColorExtensions.swift */; };
		E7DDE20E2822D1500033B3A1 /* ColorExtensions.swift in Sources */ = {isa = PBXBuildFile; fileRef = E7DDE20A2822D1500033B3A1 /* ColorExtensions.swift */; };
		E7DDE2102822D1660033B3A1 /* Tile.swift in Sources */ = {isa = PBXBuildFile; fileRef = E7DDE20F2822D1660033B3A1 /* Tile.swift */; };
		E7DDE2112822D1660033B3A1 /* Tile.swift in Sources */ = {isa = PBXBuildFile; fileRef = E7DDE20F2822D1660033B3A1 /* Tile.swift */; };
		E7DDE2132822D1800033B3A1 /* Board.swift in Sources */ = {isa = PBXBuildFile; fileRef = E7DDE2122822D1800033B3A1 /* Board.swift */; };
		E7DDE2142822D1800033B3A1 /* Board.swift in Sources */ = {isa = PBXBuildFile; fileRef = E7DDE2122822D1800033B3A1 /* Board.swift */; };
		E7DDE2162822D5C50033B3A1 /* GKAuthentication.swift in Sources */ = {isa = PBXBuildFile; fileRef = E7DDE2152822D5C50033B3A1 /* GKAuthentication.swift */; };
		E7DDE2172822D5C50033B3A1 /* GKAuthentication.swift in Sources */ = {isa = PBXBuildFile; fileRef = E7DDE2152822D5C50033B3A1 /* GKAuthentication.swift */; };
		E7DDE21A2822D7E50033B3A1 /* GameKit.framework in Frameworks */ = {isa = PBXBuildFile; fileRef = E7DDE2192822D7E50033B3A1 /* GameKit.framework */; };
		E7F2991E2836C97E005792DA /* Assets.xcassets in Resources */ = {isa = PBXBuildFile; fileRef = E7F298FD2836C97E005792DA /* Assets.xcassets */; };
		E7F2991F2836C97E005792DA /* Assets.xcassets in Resources */ = {isa = PBXBuildFile; fileRef = E7F298FD2836C97E005792DA /* Assets.xcassets */; };
		E7F299202836C97E005792DA /* AnimationCompletionObserverModifier.swift in Sources */ = {isa = PBXBuildFile; fileRef = E7F298FF2836C97E005792DA /* AnimationCompletionObserverModifier.swift */; };
		E7F299212836C97E005792DA /* AnimationCompletionObserverModifier.swift in Sources */ = {isa = PBXBuildFile; fileRef = E7F298FF2836C97E005792DA /* AnimationCompletionObserverModifier.swift */; };
		E7F299222836C97E005792DA /* RevealModifier.swift in Sources */ = {isa = PBXBuildFile; fileRef = E7F299002836C97E005792DA /* RevealModifier.swift */; };
		E7F299232836C97E005792DA /* RevealModifier.swift in Sources */ = {isa = PBXBuildFile; fileRef = E7F299002836C97E005792DA /* RevealModifier.swift */; };
		E7F299242836C97E005792DA /* BlinkViewModifier.swift in Sources */ = {isa = PBXBuildFile; fileRef = E7F299012836C97E005792DA /* BlinkViewModifier.swift */; };
		E7F299252836C97E005792DA /* BlinkViewModifier.swift in Sources */ = {isa = PBXBuildFile; fileRef = E7F299012836C97E005792DA /* BlinkViewModifier.swift */; };
		E7F299262836C97E005792DA /* TileModel.swift in Sources */ = {isa = PBXBuildFile; fileRef = E7F299022836C97E005792DA /* TileModel.swift */; };
		E7F299272836C97E005792DA /* TileModel.swift in Sources */ = {isa = PBXBuildFile; fileRef = E7F299022836C97E005792DA /* TileModel.swift */; };
		E7F299282836C97E005792DA /* LocaleExtensions.swift in Sources */ = {isa = PBXBuildFile; fileRef = E7F299032836C97E005792DA /* LocaleExtensions.swift */; };
		E7F299292836C97E005792DA /* LocaleExtensions.swift in Sources */ = {isa = PBXBuildFile; fileRef = E7F299032836C97E005792DA /* LocaleExtensions.swift */; };
		E7F2992A2836C97E005792DA /* WordModel.swift in Sources */ = {isa = PBXBuildFile; fileRef = E7F299052836C97E005792DA /* WordModel.swift */; };
		E7F2992B2836C97E005792DA /* WordModel.swift in Sources */ = {isa = PBXBuildFile; fileRef = E7F299052836C97E005792DA /* WordModel.swift */; };
		E7F2992C2836C97E005792DA /* WordTree.swift in Sources */ = {isa = PBXBuildFile; fileRef = E7F299062836C97E005792DA /* WordTree.swift */; };
		E7F2992D2836C97E005792DA /* WordTree.swift in Sources */ = {isa = PBXBuildFile; fileRef = E7F299062836C97E005792DA /* WordTree.swift */; };
		E7F2992E2836C97E005792DA /* CharacterModel.swift in Sources */ = {isa = PBXBuildFile; fileRef = E7F299072836C97E005792DA /* CharacterModel.swift */; };
		E7F2992F2836C97E005792DA /* CharacterModel.swift in Sources */ = {isa = PBXBuildFile; fileRef = E7F299072836C97E005792DA /* CharacterModel.swift */; };
		E7F299302836C97E005792DA /* WordTreeTests.swift in Sources */ = {isa = PBXBuildFile; fileRef = E7F299082836C97E005792DA /* WordTreeTests.swift */; };
		E7F299312836C97E005792DA /* WordTreeTests.swift in Sources */ = {isa = PBXBuildFile; fileRef = E7F299082836C97E005792DA /* WordTreeTests.swift */; };
		E7F299322836C97E005792DA /* Hand.swift in Sources */ = {isa = PBXBuildFile; fileRef = E7F299092836C97E005792DA /* Hand.swift */; };
		E7F299332836C97E005792DA /* Hand.swift in Sources */ = {isa = PBXBuildFile; fileRef = E7F299092836C97E005792DA /* Hand.swift */; };
		E7F299342836C97E005792DA /* Letter.swift in Sources */ = {isa = PBXBuildFile; fileRef = E7F2990A2836C97E005792DA /* Letter.swift */; };
		E7F299352836C97E005792DA /* Letter.swift in Sources */ = {isa = PBXBuildFile; fileRef = E7F2990A2836C97E005792DA /* Letter.swift */; };
		E7F299362836C97E005792DA /* TestViews.swift in Sources */ = {isa = PBXBuildFile; fileRef = E7F2990C2836C97E005792DA /* TestViews.swift */; };
		E7F299372836C97F005792DA /* TestViews.swift in Sources */ = {isa = PBXBuildFile; fileRef = E7F2990C2836C97E005792DA /* TestViews.swift */; };
		E7F299382836C97F005792DA /* Game.swift in Sources */ = {isa = PBXBuildFile; fileRef = E7F2990D2836C97E005792DA /* Game.swift */; };
		E7F299392836C97F005792DA /* Game.swift in Sources */ = {isa = PBXBuildFile; fileRef = E7F2990D2836C97E005792DA /* Game.swift */; };
		E7F2993A2836C97F005792DA /* ArrayExtensions.swift in Sources */ = {isa = PBXBuildFile; fileRef = E7F2990E2836C97E005792DA /* ArrayExtensions.swift */; };
		E7F2993B2836C97F005792DA /* ArrayExtensions.swift in Sources */ = {isa = PBXBuildFile; fileRef = E7F2990E2836C97E005792DA /* ArrayExtensions.swift */; };
		E7F2993C2836C97F005792DA /* BoardModel.swift in Sources */ = {isa = PBXBuildFile; fileRef = E7F299102836C97E005792DA /* BoardModel.swift */; };
		E7F2993D2836C97F005792DA /* BoardModel.swift in Sources */ = {isa = PBXBuildFile; fileRef = E7F299102836C97E005792DA /* BoardModel.swift */; };
		E7F2993E2836C97F005792DA /* GameState.swapping.swift in Sources */ = {isa = PBXBuildFile; fileRef = E7F299112836C97E005792DA /* GameState.swapping.swift */; };
		E7F2993F2836C97F005792DA /* GameState.swapping.swift in Sources */ = {isa = PBXBuildFile; fileRef = E7F299112836C97E005792DA /* GameState.swapping.swift */; };
		E7F299402836C97F005792DA /* TestFile.swift in Sources */ = {isa = PBXBuildFile; fileRef = E7F299122836C97E005792DA /* TestFile.swift */; };
		E7F299412836C97F005792DA /* TestFile.swift in Sources */ = {isa = PBXBuildFile; fileRef = E7F299122836C97E005792DA /* TestFile.swift */; };
		E7F299422836C97F005792DA /* LetterDispenser.swift in Sources */ = {isa = PBXBuildFile; fileRef = E7F299132836C97E005792DA /* LetterDispenser.swift */; };
		E7F299432836C97F005792DA /* LetterDispenser.swift in Sources */ = {isa = PBXBuildFile; fileRef = E7F299132836C97E005792DA /* LetterDispenser.swift */; };
		E7F299442836C97F005792DA /* IntExtensions.swift in Sources */ = {isa = PBXBuildFile; fileRef = E7F299152836C97E005792DA /* IntExtensions.swift */; };
		E7F299452836C97F005792DA /* IntExtensions.swift in Sources */ = {isa = PBXBuildFile; fileRef = E7F299152836C97E005792DA /* IntExtensions.swift */; };
		E7F299462836C97F005792DA /* GameState.swift in Sources */ = {isa = PBXBuildFile; fileRef = E7F299162836C97E005792DA /* GameState.swift */; };
		E7F299472836C97F005792DA /* GameState.swift in Sources */ = {isa = PBXBuildFile; fileRef = E7F299162836C97E005792DA /* GameState.swift */; };
		E7F299482836C97F005792DA /* TileInHand.swift in Sources */ = {isa = PBXBuildFile; fileRef = E7F299182836C97E005792DA /* TileInHand.swift */; };
		E7F299492836C97F005792DA /* TileInHand.swift in Sources */ = {isa = PBXBuildFile; fileRef = E7F299182836C97E005792DA /* TileInHand.swift */; };
		E7F2994A2836C97F005792DA /* LetterTileBase.swift in Sources */ = {isa = PBXBuildFile; fileRef = E7F299192836C97E005792DA /* LetterTileBase.swift */; };
		E7F2994B2836C97F005792DA /* LetterTileBase.swift in Sources */ = {isa = PBXBuildFile; fileRef = E7F299192836C97E005792DA /* LetterTileBase.swift */; };
		E7F2994C2836C97F005792DA /* FlippableTileInHand.swift in Sources */ = {isa = PBXBuildFile; fileRef = E7F2991A2836C97E005792DA /* FlippableTileInHand.swift */; };
		E7F2994D2836C97F005792DA /* FlippableTileInHand.swift in Sources */ = {isa = PBXBuildFile; fileRef = E7F2991A2836C97E005792DA /* FlippableTileInHand.swift */; };
		E7F2994E2836C97F005792DA /* TileBeingPlaced.swift in Sources */ = {isa = PBXBuildFile; fileRef = E7F2991B2836C97E005792DA /* TileBeingPlaced.swift */; };
		E7F2994F2836C97F005792DA /* TileBeingPlaced.swift in Sources */ = {isa = PBXBuildFile; fileRef = E7F2991B2836C97E005792DA /* TileBeingPlaced.swift */; };
		E7F299502836C97F005792DA /* Player.swift in Sources */ = {isa = PBXBuildFile; fileRef = E7F2991C2836C97E005792DA /* Player.swift */; };
		E7F299512836C97F005792DA /* Player.swift in Sources */ = {isa = PBXBuildFile; fileRef = E7F2991C2836C97E005792DA /* Player.swift */; };
		E7F299522836C97F005792DA /* GameState.placing.swift in Sources */ = {isa = PBXBuildFile; fileRef = E7F2991D2836C97E005792DA /* GameState.placing.swift */; };
		E7F299532836C97F005792DA /* GameState.placing.swift in Sources */ = {isa = PBXBuildFile; fileRef = E7F2991D2836C97E005792DA /* GameState.placing.swift */; };
/* End PBXBuildFile section */

/* Begin PBXFileReference section */
		E7341BE72822DC2E00AFF116 /* GameKit.framework */ = {isa = PBXFileReference; lastKnownFileType = wrapper.framework; name = GameKit.framework; path = System/Library/Frameworks/GameKit.framework; sourceTree = SDKROOT; };
		E7341BE92822DC9800AFF116 /* AppRoot.swift */ = {isa = PBXFileReference; lastKnownFileType = sourcecode.swift; path = AppRoot.swift; sourceTree = "<group>"; };
		E7346321283841F300265F8F /* MainMenu.swift */ = {isa = PBXFileReference; lastKnownFileType = sourcecode.swift; path = MainMenu.swift; sourceTree = "<group>"; };
		E7A3525128478DD800827380 /* TurnManager.swift */ = {isa = PBXFileReference; lastKnownFileType = sourcecode.swift; path = TurnManager.swift; sourceTree = "<group>"; };
		E7CFCE3A283AB1DA0019AAF5 /* PleaseWait.swift */ = {isa = PBXFileReference; lastKnownFileType = sourcecode.swift; path = PleaseWait.swift; sourceTree = "<group>"; };
		E7CFCE3D283AB1F10019AAF5 /* EnvironmentValues.swift */ = {isa = PBXFileReference; lastKnownFileType = sourcecode.swift; path = EnvironmentValues.swift; sourceTree = "<group>"; };
		E7CFCE40283AB23B0019AAF5 /* MatchLoader.swift */ = {isa = PBXFileReference; lastKnownFileType = sourcecode.swift; path = MatchLoader.swift; sourceTree = "<group>"; };
		E7CFCE43283AB24D0019AAF5 /* MainMenuMatchList.swift */ = {isa = PBXFileReference; lastKnownFileType = sourcecode.swift; path = MainMenuMatchList.swift; sourceTree = "<group>"; };
		E7CFCE46283AB3210019AAF5 /* MatchThumbnail.swift */ = {isa = PBXFileReference; lastKnownFileType = sourcecode.swift; path = MatchThumbnail.swift; sourceTree = "<group>"; };
		E7CFCE49283AB6190019AAF5 /* MainMenuButtonStyle.swift */ = {isa = PBXFileReference; lastKnownFileType = sourcecode.swift; path = MainMenuButtonStyle.swift; sourceTree = "<group>"; };
		E7CFCE54283ABC220019AAF5 /* GKMatchmakerView+macOS.swift */ = {isa = PBXFileReference; fileEncoding = 4; lastKnownFileType = sourcecode.swift; path = "GKMatchmakerView+macOS.swift"; sourceTree = "<group>"; };
		E7CFCE55283ABC220019AAF5 /* MatchmakerViewController+macOS.swift */ = {isa = PBXFileReference; fileEncoding = 4; lastKnownFileType = sourcecode.swift; path = "MatchmakerViewController+macOS.swift"; sourceTree = "<group>"; };
		E7CFCE57283ABC220019AAF5 /* GKTurnBasedMatchmakerView+macOS.swift */ = {isa = PBXFileReference; fileEncoding = 4; lastKnownFileType = sourcecode.swift; path = "GKTurnBasedMatchmakerView+macOS.swift"; sourceTree = "<group>"; };
		E7CFCE58283ABC220019AAF5 /* TurnBasedMatchmakerViewController+macOS.swift */ = {isa = PBXFileReference; fileEncoding = 4; lastKnownFileType = sourcecode.swift; path = "TurnBasedMatchmakerViewController+macOS.swift"; sourceTree = "<group>"; };
		E7CFCE5A283ABC220019AAF5 /* InviteViewController+macOS.swift */ = {isa = PBXFileReference; fileEncoding = 4; lastKnownFileType = sourcecode.swift; path = "InviteViewController+macOS.swift"; sourceTree = "<group>"; };
		E7CFCE5B283ABC220019AAF5 /* GKInviteView+macOS.swift */ = {isa = PBXFileReference; fileEncoding = 4; lastKnownFileType = sourcecode.swift; path = "GKInviteView+macOS.swift"; sourceTree = "<group>"; };
		E7CFCE5C283ABC220019AAF5 /* GKGameCenterView+macOS.swift */ = {isa = PBXFileReference; fileEncoding = 4; lastKnownFileType = sourcecode.swift; path = "GKGameCenterView+macOS.swift"; sourceTree = "<group>"; };
		E7CFCE5D283ABC220019AAF5 /* LoadingViewController+macOS.swift */ = {isa = PBXFileReference; fileEncoding = 4; lastKnownFileType = sourcecode.swift; path = "LoadingViewController+macOS.swift"; sourceTree = "<group>"; };
		E7CFCE5F283ABC220019AAF5 /* GKAuthenticationViewController+macOS.swift */ = {isa = PBXFileReference; fileEncoding = 4; lastKnownFileType = sourcecode.swift; path = "GKAuthenticationViewController+macOS.swift"; sourceTree = "<group>"; };
		E7CFCE60283ABC220019AAF5 /* GKAuthenticationView+macOS.swift */ = {isa = PBXFileReference; fileEncoding = 4; lastKnownFileType = sourcecode.swift; path = "GKAuthenticationView+macOS.swift"; sourceTree = "<group>"; };
		E7CFCE61283ABC220019AAF5 /* GKAuthentication+macOS.swift */ = {isa = PBXFileReference; fileEncoding = 4; lastKnownFileType = sourcecode.swift; path = "GKAuthentication+macOS.swift"; sourceTree = "<group>"; };
		E7CFCE62283ABC220019AAF5 /* NSViewController+Child.swift */ = {isa = PBXFileReference; fileEncoding = 4; lastKnownFileType = sourcecode.swift; path = "NSViewController+Child.swift"; sourceTree = "<group>"; };
		E7CFCE65283ABC220019AAF5 /* Invite.swift */ = {isa = PBXFileReference; fileEncoding = 4; lastKnownFileType = sourcecode.swift; path = Invite.swift; sourceTree = "<group>"; };
		E7CFCE66283ABC220019AAF5 /* GKMatchManager.swift */ = {isa = PBXFileReference; fileEncoding = 4; lastKnownFileType = sourcecode.swift; path = GKMatchManager.swift; sourceTree = "<group>"; };
		E7CFCE67283ABC220019AAF5 /* GKUIMatch.swift */ = {isa = PBXFileReference; fileEncoding = 4; lastKnownFileType = sourcecode.swift; path = GKUIMatch.swift; sourceTree = "<group>"; };
		E7CFCE68283ABC220019AAF5 /* OSLog.swift */ = {isa = PBXFileReference; fileEncoding = 4; lastKnownFileType = sourcecode.swift; path = OSLog.swift; sourceTree = "<group>"; };
		E7CFCE6A283ABC220019AAF5 /* GKAuthenticationError.swift */ = {isa = PBXFileReference; fileEncoding = 4; lastKnownFileType = sourcecode.swift; path = GKAuthenticationError.swift; sourceTree = "<group>"; };
		E7CFCE6C283ABC220019AAF5 /* GKGameCenterView+iOS.swift */ = {isa = PBXFileReference; fileEncoding = 4; lastKnownFileType = sourcecode.swift; path = "GKGameCenterView+iOS.swift"; sourceTree = "<group>"; };
		E7CFCE6E283ABC220019AAF5 /* MatchmakerViewController+iOS.swift */ = {isa = PBXFileReference; fileEncoding = 4; lastKnownFileType = sourcecode.swift; path = "MatchmakerViewController+iOS.swift"; sourceTree = "<group>"; };
		E7CFCE6F283ABC220019AAF5 /* GKMatchmakerView+iOS.swift */ = {isa = PBXFileReference; fileEncoding = 4; lastKnownFileType = sourcecode.swift; path = "GKMatchmakerView+iOS.swift"; sourceTree = "<group>"; };
		E7CFCE70283ABC220019AAF5 /* UIViewController+Child.swift */ = {isa = PBXFileReference; fileEncoding = 4; lastKnownFileType = sourcecode.swift; path = "UIViewController+Child.swift"; sourceTree = "<group>"; };
		E7CFCE72283ABC220019AAF5 /* TurnBasedMatchmakerViewController+iOS.swift */ = {isa = PBXFileReference; fileEncoding = 4; lastKnownFileType = sourcecode.swift; path = "TurnBasedMatchmakerViewController+iOS.swift"; sourceTree = "<group>"; };
		E7CFCE73283ABC220019AAF5 /* GKTurnBasedMatchmakerView+iOS.swift */ = {isa = PBXFileReference; fileEncoding = 4; lastKnownFileType = sourcecode.swift; path = "GKTurnBasedMatchmakerView+iOS.swift"; sourceTree = "<group>"; };
		E7CFCE75283ABC220019AAF5 /* GKInviteView+iOS.swift */ = {isa = PBXFileReference; fileEncoding = 4; lastKnownFileType = sourcecode.swift; path = "GKInviteView+iOS.swift"; sourceTree = "<group>"; };
		E7CFCE76283ABC220019AAF5 /* InviteViewController+iOS.swift */ = {isa = PBXFileReference; fileEncoding = 4; lastKnownFileType = sourcecode.swift; path = "InviteViewController+iOS.swift"; sourceTree = "<group>"; };
		E7CFCE77283ABC220019AAF5 /* LoadingViewController+iOS.swift */ = {isa = PBXFileReference; fileEncoding = 4; lastKnownFileType = sourcecode.swift; path = "LoadingViewController+iOS.swift"; sourceTree = "<group>"; };
		E7CFCE79283ABC220019AAF5 /* GKAuthenticationViewController+iOS.swift */ = {isa = PBXFileReference; fileEncoding = 4; lastKnownFileType = sourcecode.swift; path = "GKAuthenticationViewController+iOS.swift"; sourceTree = "<group>"; };
		E7CFCE7A283ABC220019AAF5 /* GKAuthenticationView+iOS.swift */ = {isa = PBXFileReference; fileEncoding = 4; lastKnownFileType = sourcecode.swift; path = "GKAuthenticationView+iOS.swift"; sourceTree = "<group>"; };
		E7CFCE7B283ABC220019AAF5 /* GKAuthentication+iOS.swift */ = {isa = PBXFileReference; fileEncoding = 4; lastKnownFileType = sourcecode.swift; path = "GKAuthentication+iOS.swift"; sourceTree = "<group>"; };
		E7CFCE7E283ABC220019AAF5 /* TurnBasedMatchmakerViewController+tvOS.swift */ = {isa = PBXFileReference; fileEncoding = 4; lastKnownFileType = sourcecode.swift; path = "TurnBasedMatchmakerViewController+tvOS.swift"; sourceTree = "<group>"; };
		E7CFCEC7283C12770019AAF5 /* Match.swift */ = {isa = PBXFileReference; lastKnownFileType = sourcecode.swift; path = Match.swift; sourceTree = "<group>"; };
		E7DDE1EB2822CFA90033B3A1 /* MultiplayerWordGameApp.swift */ = {isa = PBXFileReference; lastKnownFileType = sourcecode.swift; path = MultiplayerWordGameApp.swift; sourceTree = "<group>"; };
		E7DDE1EC2822CFA90033B3A1 /* ContentView.swift */ = {isa = PBXFileReference; lastKnownFileType = sourcecode.swift; path = ContentView.swift; sourceTree = "<group>"; };
		E7DDE1ED2822CFAB0033B3A1 /* Assets.xcassets */ = {isa = PBXFileReference; lastKnownFileType = folder.assetcatalog; path = Assets.xcassets; sourceTree = "<group>"; };
		E7DDE1F22822CFAB0033B3A1 /* MultiplayerWordGame.app */ = {isa = PBXFileReference; explicitFileType = wrapper.application; includeInIndex = 0; path = MultiplayerWordGame.app; sourceTree = BUILT_PRODUCTS_DIR; };
		E7DDE1F82822CFAB0033B3A1 /* MultiplayerWordGame.app */ = {isa = PBXFileReference; explicitFileType = wrapper.application; includeInIndex = 0; path = MultiplayerWordGame.app; sourceTree = BUILT_PRODUCTS_DIR; };
		E7DDE1FA2822CFAB0033B3A1 /* macOS.entitlements */ = {isa = PBXFileReference; lastKnownFileType = text.plist.entitlements; path = macOS.entitlements; sourceTree = "<group>"; };
		E7DDE20A2822D1500033B3A1 /* ColorExtensions.swift */ = {isa = PBXFileReference; fileEncoding = 4; lastKnownFileType = sourcecode.swift; path = ColorExtensions.swift; sourceTree = "<group>"; };
		E7DDE20F2822D1660033B3A1 /* Tile.swift */ = {isa = PBXFileReference; lastKnownFileType = sourcecode.swift; path = Tile.swift; sourceTree = "<group>"; };
		E7DDE2122822D1800033B3A1 /* Board.swift */ = {isa = PBXFileReference; lastKnownFileType = sourcecode.swift; path = Board.swift; sourceTree = "<group>"; };
		E7DDE2152822D5C50033B3A1 /* GKAuthentication.swift */ = {isa = PBXFileReference; lastKnownFileType = sourcecode.swift; path = GKAuthentication.swift; sourceTree = "<group>"; };
		E7DDE2192822D7E50033B3A1 /* GameKit.framework */ = {isa = PBXFileReference; lastKnownFileType = wrapper.framework; name = GameKit.framework; path = Platforms/iPhoneOS.platform/Developer/SDKs/iPhoneOS15.2.sdk/System/Library/Frameworks/GameKit.framework; sourceTree = DEVELOPER_DIR; };
		E7DDE21B2822D8270033B3A1 /* MultiplayerWordGame (iOS).entitlements */ = {isa = PBXFileReference; lastKnownFileType = text.plist.entitlements; path = "MultiplayerWordGame (iOS).entitlements"; sourceTree = "<group>"; };
		E7F298FD2836C97E005792DA /* Assets.xcassets */ = {isa = PBXFileReference; lastKnownFileType = folder.assetcatalog; path = Assets.xcassets; sourceTree = "<group>"; };
		E7F298FF2836C97E005792DA /* AnimationCompletionObserverModifier.swift */ = {isa = PBXFileReference; fileEncoding = 4; lastKnownFileType = sourcecode.swift; path = AnimationCompletionObserverModifier.swift; sourceTree = "<group>"; };
		E7F299002836C97E005792DA /* RevealModifier.swift */ = {isa = PBXFileReference; fileEncoding = 4; lastKnownFileType = sourcecode.swift; path = RevealModifier.swift; sourceTree = "<group>"; };
		E7F299012836C97E005792DA /* BlinkViewModifier.swift */ = {isa = PBXFileReference; fileEncoding = 4; lastKnownFileType = sourcecode.swift; path = BlinkViewModifier.swift; sourceTree = "<group>"; };
		E7F299022836C97E005792DA /* TileModel.swift */ = {isa = PBXFileReference; fileEncoding = 4; lastKnownFileType = sourcecode.swift; path = TileModel.swift; sourceTree = "<group>"; };
		E7F299032836C97E005792DA /* LocaleExtensions.swift */ = {isa = PBXFileReference; fileEncoding = 4; lastKnownFileType = sourcecode.swift; path = LocaleExtensions.swift; sourceTree = "<group>"; };
		E7F299052836C97E005792DA /* WordModel.swift */ = {isa = PBXFileReference; fileEncoding = 4; lastKnownFileType = sourcecode.swift; path = WordModel.swift; sourceTree = "<group>"; };
		E7F299062836C97E005792DA /* WordTree.swift */ = {isa = PBXFileReference; fileEncoding = 4; lastKnownFileType = sourcecode.swift; path = WordTree.swift; sourceTree = "<group>"; };
		E7F299072836C97E005792DA /* CharacterModel.swift */ = {isa = PBXFileReference; fileEncoding = 4; lastKnownFileType = sourcecode.swift; path = CharacterModel.swift; sourceTree = "<group>"; };
		E7F299082836C97E005792DA /* WordTreeTests.swift */ = {isa = PBXFileReference; fileEncoding = 4; lastKnownFileType = sourcecode.swift; path = WordTreeTests.swift; sourceTree = "<group>"; };
		E7F299092836C97E005792DA /* Hand.swift */ = {isa = PBXFileReference; fileEncoding = 4; lastKnownFileType = sourcecode.swift; path = Hand.swift; sourceTree = "<group>"; };
		E7F2990A2836C97E005792DA /* Letter.swift */ = {isa = PBXFileReference; fileEncoding = 4; lastKnownFileType = sourcecode.swift; path = Letter.swift; sourceTree = "<group>"; };
		E7F2990C2836C97E005792DA /* TestViews.swift */ = {isa = PBXFileReference; fileEncoding = 4; lastKnownFileType = sourcecode.swift; path = TestViews.swift; sourceTree = "<group>"; };
		E7F2990D2836C97E005792DA /* Game.swift */ = {isa = PBXFileReference; fileEncoding = 4; lastKnownFileType = sourcecode.swift; path = Game.swift; sourceTree = "<group>"; };
		E7F2990E2836C97E005792DA /* ArrayExtensions.swift */ = {isa = PBXFileReference; fileEncoding = 4; lastKnownFileType = sourcecode.swift; path = ArrayExtensions.swift; sourceTree = "<group>"; };
		E7F299102836C97E005792DA /* BoardModel.swift */ = {isa = PBXFileReference; fileEncoding = 4; lastKnownFileType = sourcecode.swift; path = BoardModel.swift; sourceTree = "<group>"; };
		E7F299112836C97E005792DA /* GameState.swapping.swift */ = {isa = PBXFileReference; fileEncoding = 4; lastKnownFileType = sourcecode.swift; path = GameState.swapping.swift; sourceTree = "<group>"; };
		E7F299122836C97E005792DA /* TestFile.swift */ = {isa = PBXFileReference; fileEncoding = 4; lastKnownFileType = sourcecode.swift; path = TestFile.swift; sourceTree = "<group>"; };
		E7F299132836C97E005792DA /* LetterDispenser.swift */ = {isa = PBXFileReference; fileEncoding = 4; lastKnownFileType = sourcecode.swift; path = LetterDispenser.swift; sourceTree = "<group>"; };
		E7F299152836C97E005792DA /* IntExtensions.swift */ = {isa = PBXFileReference; fileEncoding = 4; lastKnownFileType = sourcecode.swift; path = IntExtensions.swift; sourceTree = "<group>"; };
		E7F299162836C97E005792DA /* GameState.swift */ = {isa = PBXFileReference; fileEncoding = 4; lastKnownFileType = sourcecode.swift; path = GameState.swift; sourceTree = "<group>"; };
		E7F299182836C97E005792DA /* TileInHand.swift */ = {isa = PBXFileReference; fileEncoding = 4; lastKnownFileType = sourcecode.swift; path = TileInHand.swift; sourceTree = "<group>"; };
		E7F299192836C97E005792DA /* LetterTileBase.swift */ = {isa = PBXFileReference; fileEncoding = 4; lastKnownFileType = sourcecode.swift; path = LetterTileBase.swift; sourceTree = "<group>"; };
		E7F2991A2836C97E005792DA /* FlippableTileInHand.swift */ = {isa = PBXFileReference; fileEncoding = 4; lastKnownFileType = sourcecode.swift; path = FlippableTileInHand.swift; sourceTree = "<group>"; };
		E7F2991B2836C97E005792DA /* TileBeingPlaced.swift */ = {isa = PBXFileReference; fileEncoding = 4; lastKnownFileType = sourcecode.swift; path = TileBeingPlaced.swift; sourceTree = "<group>"; };
		E7F2991C2836C97E005792DA /* Player.swift */ = {isa = PBXFileReference; fileEncoding = 4; lastKnownFileType = sourcecode.swift; path = Player.swift; sourceTree = "<group>"; };
		E7F2991D2836C97E005792DA /* GameState.placing.swift */ = {isa = PBXFileReference; fileEncoding = 4; lastKnownFileType = sourcecode.swift; path = GameState.placing.swift; sourceTree = "<group>"; };
/* End PBXFileReference section */

/* Begin PBXFrameworksBuildPhase section */
		E7DDE1EF2822CFAB0033B3A1 /* Frameworks */ = {
			isa = PBXFrameworksBuildPhase;
			buildActionMask = 2147483647;
			files = (
				E7DDE21A2822D7E50033B3A1 /* GameKit.framework in Frameworks */,
			);
			runOnlyForDeploymentPostprocessing = 0;
		};
		E7DDE1F52822CFAB0033B3A1 /* Frameworks */ = {
			isa = PBXFrameworksBuildPhase;
			buildActionMask = 2147483647;
			files = (
				E7341BE82822DC2E00AFF116 /* GameKit.framework in Frameworks */,
			);
			runOnlyForDeploymentPostprocessing = 0;
		};
/* End PBXFrameworksBuildPhase section */

/* Begin PBXGroup section */
		E7346320283841E400265F8F /* MainMenu */ = {
			isa = PBXGroup;
			children = (
				E7346321283841F300265F8F /* MainMenu.swift */,
				E7CFCE43283AB24D0019AAF5 /* MainMenuMatchList.swift */,
				E7CFCE46283AB3210019AAF5 /* MatchThumbnail.swift */,
				E7CFCE49283AB6190019AAF5 /* MainMenuButtonStyle.swift */,
			);
			path = MainMenu;
			sourceTree = "<group>";
		};
		E7CFCE39283AB1C50019AAF5 /* Environment */ = {
			isa = PBXGroup;
			children = (
				E7CFCE3D283AB1F10019AAF5 /* EnvironmentValues.swift */,
			);
			path = Environment;
			sourceTree = "<group>";
		};
		E7CFCE51283ABC220019AAF5 /* GameKitUI */ = {
			isa = PBXGroup;
			children = (
				E7CFCE52283ABC220019AAF5 /* macOS */,
				E7CFCE63283ABC220019AAF5 /* Shared */,
				E7CFCE6B283ABC220019AAF5 /* iOS */,
				E7CFCE7C283ABC220019AAF5 /* tvOS */,
			);
			path = GameKitUI;
			sourceTree = "<group>";
		};
		E7CFCE52283ABC220019AAF5 /* macOS */ = {
			isa = PBXGroup;
			children = (
				E7CFCE53283ABC220019AAF5 /* Matchmaker */,
				E7CFCE56283ABC220019AAF5 /* TurnBasedMatchmaker */,
				E7CFCE59283ABC220019AAF5 /* Invite */,
				E7CFCE5C283ABC220019AAF5 /* GKGameCenterView+macOS.swift */,
				E7CFCE5D283ABC220019AAF5 /* LoadingViewController+macOS.swift */,
				E7CFCE5E283ABC220019AAF5 /* Authentication */,
				E7CFCE62283ABC220019AAF5 /* NSViewController+Child.swift */,
			);
			path = macOS;
			sourceTree = "<group>";
		};
		E7CFCE53283ABC220019AAF5 /* Matchmaker */ = {
			isa = PBXGroup;
			children = (
				E7CFCE54283ABC220019AAF5 /* GKMatchmakerView+macOS.swift */,
				E7CFCE55283ABC220019AAF5 /* MatchmakerViewController+macOS.swift */,
			);
			path = Matchmaker;
			sourceTree = "<group>";
		};
		E7CFCE56283ABC220019AAF5 /* TurnBasedMatchmaker */ = {
			isa = PBXGroup;
			children = (
				E7CFCE57283ABC220019AAF5 /* GKTurnBasedMatchmakerView+macOS.swift */,
				E7CFCE58283ABC220019AAF5 /* TurnBasedMatchmakerViewController+macOS.swift */,
			);
			path = TurnBasedMatchmaker;
			sourceTree = "<group>";
		};
		E7CFCE59283ABC220019AAF5 /* Invite */ = {
			isa = PBXGroup;
			children = (
				E7CFCE5A283ABC220019AAF5 /* InviteViewController+macOS.swift */,
				E7CFCE5B283ABC220019AAF5 /* GKInviteView+macOS.swift */,
			);
			path = Invite;
			sourceTree = "<group>";
		};
		E7CFCE5E283ABC220019AAF5 /* Authentication */ = {
			isa = PBXGroup;
			children = (
				E7CFCE5F283ABC220019AAF5 /* GKAuthenticationViewController+macOS.swift */,
				E7CFCE60283ABC220019AAF5 /* GKAuthenticationView+macOS.swift */,
				E7CFCE61283ABC220019AAF5 /* GKAuthentication+macOS.swift */,
			);
			path = Authentication;
			sourceTree = "<group>";
		};
		E7CFCE63283ABC220019AAF5 /* Shared */ = {
			isa = PBXGroup;
			children = (
				E7CFCE64283ABC220019AAF5 /* Manager */,
				E7CFCE68283ABC220019AAF5 /* OSLog.swift */,
				E7CFCE69283ABC220019AAF5 /* Authentication */,
			);
			path = Shared;
			sourceTree = "<group>";
		};
		E7CFCE64283ABC220019AAF5 /* Manager */ = {
			isa = PBXGroup;
			children = (
				E7CFCE65283ABC220019AAF5 /* Invite.swift */,
				E7CFCE66283ABC220019AAF5 /* GKMatchManager.swift */,
				E7CFCE67283ABC220019AAF5 /* GKUIMatch.swift */,
			);
			path = Manager;
			sourceTree = "<group>";
		};
		E7CFCE69283ABC220019AAF5 /* Authentication */ = {
			isa = PBXGroup;
			children = (
				E7CFCE6A283ABC220019AAF5 /* GKAuthenticationError.swift */,
			);
			path = Authentication;
			sourceTree = "<group>";
		};
		E7CFCE6B283ABC220019AAF5 /* iOS */ = {
			isa = PBXGroup;
			children = (
				E7CFCE6C283ABC220019AAF5 /* GKGameCenterView+iOS.swift */,
				E7CFCE6D283ABC220019AAF5 /* Matchmaker */,
				E7CFCE70283ABC220019AAF5 /* UIViewController+Child.swift */,
				E7CFCE71283ABC220019AAF5 /* TurnBasedMatchmaker */,
				E7CFCE74283ABC220019AAF5 /* Invite */,
				E7CFCE77283ABC220019AAF5 /* LoadingViewController+iOS.swift */,
				E7CFCE78283ABC220019AAF5 /* Authentication */,
			);
			path = iOS;
			sourceTree = "<group>";
		};
		E7CFCE6D283ABC220019AAF5 /* Matchmaker */ = {
			isa = PBXGroup;
			children = (
				E7CFCE6E283ABC220019AAF5 /* MatchmakerViewController+iOS.swift */,
				E7CFCE6F283ABC220019AAF5 /* GKMatchmakerView+iOS.swift */,
			);
			path = Matchmaker;
			sourceTree = "<group>";
		};
		E7CFCE71283ABC220019AAF5 /* TurnBasedMatchmaker */ = {
			isa = PBXGroup;
			children = (
				E7CFCE72283ABC220019AAF5 /* TurnBasedMatchmakerViewController+iOS.swift */,
				E7CFCE73283ABC220019AAF5 /* GKTurnBasedMatchmakerView+iOS.swift */,
			);
			path = TurnBasedMatchmaker;
			sourceTree = "<group>";
		};
		E7CFCE74283ABC220019AAF5 /* Invite */ = {
			isa = PBXGroup;
			children = (
				E7CFCE75283ABC220019AAF5 /* GKInviteView+iOS.swift */,
				E7CFCE76283ABC220019AAF5 /* InviteViewController+iOS.swift */,
			);
			path = Invite;
			sourceTree = "<group>";
		};
		E7CFCE78283ABC220019AAF5 /* Authentication */ = {
			isa = PBXGroup;
			children = (
				E7CFCE79283ABC220019AAF5 /* GKAuthenticationViewController+iOS.swift */,
				E7CFCE7A283ABC220019AAF5 /* GKAuthenticationView+iOS.swift */,
				E7CFCE7B283ABC220019AAF5 /* GKAuthentication+iOS.swift */,
			);
			path = Authentication;
			sourceTree = "<group>";
		};
		E7CFCE7C283ABC220019AAF5 /* tvOS */ = {
			isa = PBXGroup;
			children = (
				E7CFCE7D283ABC220019AAF5 /* TurnBasedMatchmaker */,
			);
			path = tvOS;
			sourceTree = "<group>";
		};
		E7CFCE7D283ABC220019AAF5 /* TurnBasedMatchmaker */ = {
			isa = PBXGroup;
			children = (
				E7CFCE7E283ABC220019AAF5 /* TurnBasedMatchmakerViewController+tvOS.swift */,
			);
			path = TurnBasedMatchmaker;
			sourceTree = "<group>";
		};
		E7DDE1E52822CFA90033B3A1 = {
			isa = PBXGroup;
			children = (
				E7DDE21B2822D8270033B3A1 /* MultiplayerWordGame (iOS).entitlements */,
				E7CFCE51283ABC220019AAF5 /* GameKitUI */,
				E7DDE1EA2822CFA90033B3A1 /* Shared */,
				E7DDE1F92822CFAB0033B3A1 /* macOS */,
				E7DDE1F32822CFAB0033B3A1 /* Products */,
				E7DDE2182822D7E50033B3A1 /* Frameworks */,
			);
			sourceTree = "<group>";
		};
		E7DDE1EA2822CFA90033B3A1 /* Shared */ = {
			isa = PBXGroup;
			children = (
				E7CFCE39283AB1C50019AAF5 /* Environment */,
				E7F2990E2836C97E005792DA /* ArrayExtensions.swift */,
				E7F298FD2836C97E005792DA /* Assets.xcassets */,
				E7F299142836C97E005792DA /* Extensions */,
				E7F2990D2836C97E005792DA /* Game.swift */,
				E7F2991D2836C97E005792DA /* GameState.placing.swift */,
				E7F299112836C97E005792DA /* GameState.swapping.swift */,
				E7F299162836C97E005792DA /* GameState.swift */,
				E7F299092836C97E005792DA /* Hand.swift */,
				E7F2990A2836C97E005792DA /* Letter.swift */,
				E7F299132836C97E005792DA /* LetterDispenser.swift */,
				E7F299032836C97E005792DA /* LocaleExtensions.swift */,
				E7F2990B2836C97E005792DA /* Misc */,
				E7F2990F2836C97E005792DA /* Models */,
				E7F298FE2836C97E005792DA /* Modifiers */,
				E7F299122836C97E005792DA /* TestFile.swift */,
				E7F299022836C97E005792DA /* TileModel.swift */,
				E7F299172836C97E005792DA /* Views */,
				E7F299042836C97E005792DA /* WordTree */,
				E7DDE20A2822D1500033B3A1 /* ColorExtensions.swift */,
				E7DDE1EB2822CFA90033B3A1 /* MultiplayerWordGameApp.swift */,
				E7DDE1EC2822CFA90033B3A1 /* ContentView.swift */,
				E7DDE1ED2822CFAB0033B3A1 /* Assets.xcassets */,
				E7DDE20F2822D1660033B3A1 /* Tile.swift */,
				E7DDE2122822D1800033B3A1 /* Board.swift */,
				E7DDE2152822D5C50033B3A1 /* GKAuthentication.swift */,
				E7341BE92822DC9800AFF116 /* AppRoot.swift */,
				E7A3525128478DD800827380 /* TurnManager.swift */,
			);
			path = Shared;
			sourceTree = "<group>";
		};
		E7DDE1F32822CFAB0033B3A1 /* Products */ = {
			isa = PBXGroup;
			children = (
				E7DDE1F22822CFAB0033B3A1 /* MultiplayerWordGame.app */,
				E7DDE1F82822CFAB0033B3A1 /* MultiplayerWordGame.app */,
			);
			name = Products;
			sourceTree = "<group>";
		};
		E7DDE1F92822CFAB0033B3A1 /* macOS */ = {
			isa = PBXGroup;
			children = (
				E7DDE1FA2822CFAB0033B3A1 /* macOS.entitlements */,
			);
			path = macOS;
			sourceTree = "<group>";
		};
		E7DDE2182822D7E50033B3A1 /* Frameworks */ = {
			isa = PBXGroup;
			children = (
				E7341BE72822DC2E00AFF116 /* GameKit.framework */,
				E7DDE2192822D7E50033B3A1 /* GameKit.framework */,
			);
			name = Frameworks;
			sourceTree = "<group>";
		};
		E7F298FE2836C97E005792DA /* Modifiers */ = {
			isa = PBXGroup;
			children = (
				E7F298FF2836C97E005792DA /* AnimationCompletionObserverModifier.swift */,
				E7F299002836C97E005792DA /* RevealModifier.swift */,
				E7F299012836C97E005792DA /* BlinkViewModifier.swift */,
			);
			path = Modifiers;
			sourceTree = "<group>";
		};
		E7F299042836C97E005792DA /* WordTree */ = {
			isa = PBXGroup;
			children = (
				E7F299052836C97E005792DA /* WordModel.swift */,
				E7F299062836C97E005792DA /* WordTree.swift */,
				E7F299072836C97E005792DA /* CharacterModel.swift */,
				E7F299082836C97E005792DA /* WordTreeTests.swift */,
			);
			path = WordTree;
			sourceTree = "<group>";
		};
		E7F2990B2836C97E005792DA /* Misc */ = {
			isa = PBXGroup;
			children = (
				E7F2990C2836C97E005792DA /* TestViews.swift */,
			);
			path = Misc;
			sourceTree = "<group>";
		};
		E7F2990F2836C97E005792DA /* Models */ = {
			isa = PBXGroup;
			children = (
				E7F2991C2836C97E005792DA /* Player.swift */,
				E7F299102836C97E005792DA /* BoardModel.swift */,
				E7CFCEC7283C12770019AAF5 /* Match.swift */,
			);
			path = Models;
			sourceTree = "<group>";
		};
		E7F299142836C97E005792DA /* Extensions */ = {
			isa = PBXGroup;
			children = (
				E7F299152836C97E005792DA /* IntExtensions.swift */,
			);
			path = Extensions;
			sourceTree = "<group>";
		};
		E7F299172836C97E005792DA /* Views */ = {
			isa = PBXGroup;
			children = (
				E7346320283841E400265F8F /* MainMenu */,
				E7F299182836C97E005792DA /* TileInHand.swift */,
				E7F299192836C97E005792DA /* LetterTileBase.swift */,
				E7F2991A2836C97E005792DA /* FlippableTileInHand.swift */,
				E7F2991B2836C97E005792DA /* TileBeingPlaced.swift */,
				E7CFCE3A283AB1DA0019AAF5 /* PleaseWait.swift */,
				E7CFCE40283AB23B0019AAF5 /* MatchLoader.swift */,
			);
			path = Views;
			sourceTree = "<group>";
		};
/* End PBXGroup section */

/* Begin PBXNativeTarget section */
		E7DDE1F12822CFAB0033B3A1 /* MultiplayerWordGame (iOS) */ = {
			isa = PBXNativeTarget;
			buildConfigurationList = E7DDE2032822CFAB0033B3A1 /* Build configuration list for PBXNativeTarget "MultiplayerWordGame (iOS)" */;
			buildPhases = (
				E7DDE1EE2822CFAB0033B3A1 /* Sources */,
				E7DDE1EF2822CFAB0033B3A1 /* Frameworks */,
				E7DDE1F02822CFAB0033B3A1 /* Resources */,
			);
			buildRules = (
			);
			dependencies = (
			);
			name = "MultiplayerWordGame (iOS)";
			packageProductDependencies = (
			);
			productName = "MultiplayerWordGame (iOS)";
			productReference = E7DDE1F22822CFAB0033B3A1 /* MultiplayerWordGame.app */;
			productType = "com.apple.product-type.application";
		};
		E7DDE1F72822CFAB0033B3A1 /* MultiplayerWordGame (macOS) */ = {
			isa = PBXNativeTarget;
			buildConfigurationList = E7DDE2062822CFAB0033B3A1 /* Build configuration list for PBXNativeTarget "MultiplayerWordGame (macOS)" */;
			buildPhases = (
				E7DDE1F42822CFAB0033B3A1 /* Sources */,
				E7DDE1F52822CFAB0033B3A1 /* Frameworks */,
				E7DDE1F62822CFAB0033B3A1 /* Resources */,
			);
			buildRules = (
			);
			dependencies = (
			);
			name = "MultiplayerWordGame (macOS)";
			packageProductDependencies = (
			);
			productName = "MultiplayerWordGame (macOS)";
			productReference = E7DDE1F82822CFAB0033B3A1 /* MultiplayerWordGame.app */;
			productType = "com.apple.product-type.application";
		};
/* End PBXNativeTarget section */

/* Begin PBXProject section */
		E7DDE1E62822CFA90033B3A1 /* Project object */ = {
			isa = PBXProject;
			attributes = {
				BuildIndependentTargetsInParallel = 1;
				LastSwiftUpdateCheck = 1320;
				LastUpgradeCheck = 1330;
				TargetAttributes = {
					E7DDE1F12822CFAB0033B3A1 = {
						CreatedOnToolsVersion = 13.2.1;
					};
					E7DDE1F72822CFAB0033B3A1 = {
						CreatedOnToolsVersion = 13.2.1;
					};
				};
			};
			buildConfigurationList = E7DDE1E92822CFA90033B3A1 /* Build configuration list for PBXProject "MultiplayerWordGame" */;
			compatibilityVersion = "Xcode 13.0";
			developmentRegion = en;
			hasScannedForEncodings = 0;
			knownRegions = (
				en,
				Base,
			);
			mainGroup = E7DDE1E52822CFA90033B3A1;
			packageReferences = (
			);
			productRefGroup = E7DDE1F32822CFAB0033B3A1 /* Products */;
			projectDirPath = "";
			projectRoot = "";
			targets = (
				E7DDE1F12822CFAB0033B3A1 /* MultiplayerWordGame (iOS) */,
				E7DDE1F72822CFAB0033B3A1 /* MultiplayerWordGame (macOS) */,
			);
		};
/* End PBXProject section */

/* Begin PBXResourcesBuildPhase section */
		E7DDE1F02822CFAB0033B3A1 /* Resources */ = {
			isa = PBXResourcesBuildPhase;
			buildActionMask = 2147483647;
			files = (
				E7F2991E2836C97E005792DA /* Assets.xcassets in Resources */,
			);
			runOnlyForDeploymentPostprocessing = 0;
		};
		E7DDE1F62822CFAB0033B3A1 /* Resources */ = {
			isa = PBXResourcesBuildPhase;
			buildActionMask = 2147483647;
			files = (
				E7F2991F2836C97E005792DA /* Assets.xcassets in Resources */,
			);
			runOnlyForDeploymentPostprocessing = 0;
		};
/* End PBXResourcesBuildPhase section */

/* Begin PBXSourcesBuildPhase section */
		E7DDE1EE2822CFAB0033B3A1 /* Sources */ = {
			isa = PBXSourcesBuildPhase;
			buildActionMask = 2147483647;
			files = (
				E7DDE1FD2822CFAB0033B3A1 /* ContentView.swift in Sources */,
				E7DDE1FB2822CFAB0033B3A1 /* MultiplayerWordGameApp.swift in Sources */,
				E7CFCEAD283ABC220019AAF5 /* GKInviteView+iOS.swift in Sources */,
				E7F299362836C97E005792DA /* TestViews.swift in Sources */,
				E7F299242836C97E005792DA /* BlinkViewModifier.swift in Sources */,
				E7F299522836C97F005792DA /* GameState.placing.swift in Sources */,
				E7F299342836C97E005792DA /* Letter.swift in Sources */,
				E7CFCE9B283ABC220019AAF5 /* GKUIMatch.swift in Sources */,
				E7F299222836C97E005792DA /* RevealModifier.swift in Sources */,
				E7CFCE3E283AB1F20019AAF5 /* EnvironmentValues.swift in Sources */,
				E7F299422836C97F005792DA /* LetterDispenser.swift in Sources */,
				E7F299442836C97F005792DA /* IntExtensions.swift in Sources */,
				E7CFCEA1283ABC220019AAF5 /* GKGameCenterView+iOS.swift in Sources */,
				E7346322283841F300265F8F /* MainMenu.swift in Sources */,
				E7F299322836C97E005792DA /* Hand.swift in Sources */,
				E7DDE2132822D1800033B3A1 /* Board.swift in Sources */,
				E7CFCE9D283ABC220019AAF5 /* OSLog.swift in Sources */,
				E7DDE2162822D5C50033B3A1 /* GKAuthentication.swift in Sources */,
				E7F299402836C97F005792DA /* TestFile.swift in Sources */,
				E7F2994E2836C97F005792DA /* TileBeingPlaced.swift in Sources */,
				E7CFCEB5283ABC220019AAF5 /* GKAuthenticationView+iOS.swift in Sources */,
				E7F2994A2836C97F005792DA /* LetterTileBase.swift in Sources */,
				E7CFCEA9283ABC220019AAF5 /* TurnBasedMatchmakerViewController+iOS.swift in Sources */,
				E7CFCEA3283ABC220019AAF5 /* MatchmakerViewController+iOS.swift in Sources */,
				E7CFCE44283AB24D0019AAF5 /* MainMenuMatchList.swift in Sources */,
				E7F2992E2836C97E005792DA /* CharacterModel.swift in Sources */,
				E7CFCEAB283ABC220019AAF5 /* GKTurnBasedMatchmakerView+iOS.swift in Sources */,
				E7341BEA2822DC9800AFF116 /* AppRoot.swift in Sources */,
				E7CFCEA7283ABC220019AAF5 /* UIViewController+Child.swift in Sources */,
				E7F299382836C97F005792DA /* Game.swift in Sources */,
				E7F299462836C97F005792DA /* GameState.swift in Sources */,
				E7CFCE41283AB23B0019AAF5 /* MatchLoader.swift in Sources */,
				E7F299262836C97E005792DA /* TileModel.swift in Sources */,
				E7CFCEB3283ABC220019AAF5 /* GKAuthenticationViewController+iOS.swift in Sources */,
				E7CFCE3B283AB1DA0019AAF5 /* PleaseWait.swift in Sources */,
				E7F2993E2836C97F005792DA /* GameState.swapping.swift in Sources */,
				E7F299502836C97F005792DA /* Player.swift in Sources */,
				E7CFCEB1283ABC220019AAF5 /* LoadingViewController+iOS.swift in Sources */,
				E7F299202836C97E005792DA /* AnimationCompletionObserverModifier.swift in Sources */,
				E7CFCE47283AB3210019AAF5 /* MatchThumbnail.swift in Sources */,
				E7F299282836C97E005792DA /* LocaleExtensions.swift in Sources */,
				E7CFCEB7283ABC220019AAF5 /* GKAuthentication+iOS.swift in Sources */,
				E7CFCE9F283ABC220019AAF5 /* GKAuthenticationError.swift in Sources */,
				E7CFCEB9283ABC220019AAF5 /* TurnBasedMatchmakerViewController+tvOS.swift in Sources */,
				E7DDE2102822D1660033B3A1 /* Tile.swift in Sources */,
				E7F2993A2836C97F005792DA /* ArrayExtensions.swift in Sources */,
				E7F2994C2836C97F005792DA /* FlippableTileInHand.swift in Sources */,
				E7F2992C2836C97E005792DA /* WordTree.swift in Sources */,
				E7A3525228478DD800827380 /* TurnManager.swift in Sources */,
				E7F2993C2836C97F005792DA /* BoardModel.swift in Sources */,
				E7CFCEA5283ABC220019AAF5 /* GKMatchmakerView+iOS.swift in Sources */,
				E7CFCE4A283AB6190019AAF5 /* MainMenuButtonStyle.swift in Sources */,
				E7CFCEAF283ABC220019AAF5 /* InviteViewController+iOS.swift in Sources */,
				E7F299302836C97E005792DA /* WordTreeTests.swift in Sources */,
				E7DDE20D2822D1500033B3A1 /* ColorExtensions.swift in Sources */,
				E7CFCE97283ABC220019AAF5 /* Invite.swift in Sources */,
				E7F2992A2836C97E005792DA /* WordModel.swift in Sources */,
				E7F299482836C97F005792DA /* TileInHand.swift in Sources */,
				E7CFCE99283ABC220019AAF5 /* GKMatchManager.swift in Sources */,
				E7CFCEC8283C12770019AAF5 /* Match.swift in Sources */,
			);
			runOnlyForDeploymentPostprocessing = 0;
		};
		E7DDE1F42822CFAB0033B3A1 /* Sources */ = {
			isa = PBXSourcesBuildPhase;
			buildActionMask = 2147483647;
			files = (
				E7DDE1FE2822CFAB0033B3A1 /* ContentView.swift in Sources */,
				E7DDE1FC2822CFAB0033B3A1 /* MultiplayerWordGameApp.swift in Sources */,
				E7CFCE96283ABC220019AAF5 /* NSViewController+Child.swift in Sources */,
				E7F299372836C97F005792DA /* TestViews.swift in Sources */,
				E7F299252836C97E005792DA /* BlinkViewModifier.swift in Sources */,
				E7F299532836C97F005792DA /* GameState.placing.swift in Sources */,
				E7CFCE8E283ABC220019AAF5 /* LoadingViewController+macOS.swift in Sources */,
				E7F299352836C97E005792DA /* Letter.swift in Sources */,
				E7CFCE9C283ABC220019AAF5 /* GKUIMatch.swift in Sources */,
				E7F299232836C97E005792DA /* RevealModifier.swift in Sources */,
				E7CFCE3F283AB1F20019AAF5 /* EnvironmentValues.swift in Sources */,
				E7F299432836C97F005792DA /* LetterDispenser.swift in Sources */,
				E7CFCE92283ABC220019AAF5 /* GKAuthenticationView+macOS.swift in Sources */,
				E7CFCE8A283ABC220019AAF5 /* GKInviteView+macOS.swift in Sources */,
				E7F299452836C97F005792DA /* IntExtensions.swift in Sources */,
				E7346323283841F300265F8F /* MainMenu.swift in Sources */,
				E7F299332836C97E005792DA /* Hand.swift in Sources */,
				E7DDE2142822D1800033B3A1 /* Board.swift in Sources */,
				E7CFCE9E283ABC220019AAF5 /* OSLog.swift in Sources */,
				E7DDE2172822D5C50033B3A1 /* GKAuthentication.swift in Sources */,
				E7F299412836C97F005792DA /* TestFile.swift in Sources */,
				E7F2994F2836C97F005792DA /* TileBeingPlaced.swift in Sources */,
				E7F2994B2836C97F005792DA /* LetterTileBase.swift in Sources */,
				E7CFCE82283ABC220019AAF5 /* MatchmakerViewController+macOS.swift in Sources */,
				E7CFCE45283AB24D0019AAF5 /* MainMenuMatchList.swift in Sources */,
				E7F2992F2836C97E005792DA /* CharacterModel.swift in Sources */,
				E7341BEB2822DC9800AFF116 /* AppRoot.swift in Sources */,
				E7F299392836C97F005792DA /* Game.swift in Sources */,
				E7F299472836C97F005792DA /* GameState.swift in Sources */,
				E7CFCE42283AB23B0019AAF5 /* MatchLoader.swift in Sources */,
				E7F299272836C97E005792DA /* TileModel.swift in Sources */,
				E7CFCE84283ABC220019AAF5 /* GKTurnBasedMatchmakerView+macOS.swift in Sources */,
				E7CFCE3C283AB1DA0019AAF5 /* PleaseWait.swift in Sources */,
				E7F2993F2836C97F005792DA /* GameState.swapping.swift in Sources */,
				E7F299512836C97F005792DA /* Player.swift in Sources */,
				E7F299212836C97E005792DA /* AnimationCompletionObserverModifier.swift in Sources */,
				E7CFCE48283AB3210019AAF5 /* MatchThumbnail.swift in Sources */,
				E7F299292836C97E005792DA /* LocaleExtensions.swift in Sources */,
				E7CFCE8C283ABC220019AAF5 /* GKGameCenterView+macOS.swift in Sources */,
				E7CFCEA0283ABC220019AAF5 /* GKAuthenticationError.swift in Sources */,
				E7CFCEBA283ABC220019AAF5 /* TurnBasedMatchmakerViewController+tvOS.swift in Sources */,
				E7CFCE94283ABC220019AAF5 /* GKAuthentication+macOS.swift in Sources */,
				E7CFCE90283ABC220019AAF5 /* GKAuthenticationViewController+macOS.swift in Sources */,
				E7DDE2112822D1660033B3A1 /* Tile.swift in Sources */,
				E7F2993B2836C97F005792DA /* ArrayExtensions.swift in Sources */,
				E7F2994D2836C97F005792DA /* FlippableTileInHand.swift in Sources */,
				E7F2992D2836C97E005792DA /* WordTree.swift in Sources */,
				E7F2993D2836C97F005792DA /* BoardModel.swift in Sources */,
				E7A3525328478DD800827380 /* TurnManager.swift in Sources */,
				E7CFCE4B283AB6190019AAF5 /* MainMenuButtonStyle.swift in Sources */,
				E7CFCE80283ABC220019AAF5 /* GKMatchmakerView+macOS.swift in Sources */,
				E7F299312836C97E005792DA /* WordTreeTests.swift in Sources */,
				E7DDE20E2822D1500033B3A1 /* ColorExtensions.swift in Sources */,
				E7CFCE98283ABC220019AAF5 /* Invite.swift in Sources */,
				E7F2992B2836C97E005792DA /* WordModel.swift in Sources */,
				E7CFCE88283ABC220019AAF5 /* InviteViewController+macOS.swift in Sources */,
				E7CFCE86283ABC220019AAF5 /* TurnBasedMatchmakerViewController+macOS.swift in Sources */,
				E7F299492836C97F005792DA /* TileInHand.swift in Sources */,
				E7CFCE9A283ABC220019AAF5 /* GKMatchManager.swift in Sources */,
				E7CFCEC9283C12770019AAF5 /* Match.swift in Sources */,
			);
			runOnlyForDeploymentPostprocessing = 0;
		};
/* End PBXSourcesBuildPhase section */

/* Begin XCBuildConfiguration section */
		E7DDE2012822CFAB0033B3A1 /* Debug */ = {
			isa = XCBuildConfiguration;
			buildSettings = {
				ALWAYS_SEARCH_USER_PATHS = NO;
				CLANG_ANALYZER_NONNULL = YES;
				CLANG_ANALYZER_NUMBER_OBJECT_CONVERSION = YES_AGGRESSIVE;
				CLANG_CXX_LANGUAGE_STANDARD = "gnu++17";
				CLANG_CXX_LIBRARY = "libc++";
				CLANG_ENABLE_MODULES = YES;
				CLANG_ENABLE_OBJC_ARC = YES;
				CLANG_ENABLE_OBJC_WEAK = YES;
				CLANG_WARN_BLOCK_CAPTURE_AUTORELEASING = YES;
				CLANG_WARN_BOOL_CONVERSION = YES;
				CLANG_WARN_COMMA = YES;
				CLANG_WARN_CONSTANT_CONVERSION = YES;
				CLANG_WARN_DEPRECATED_OBJC_IMPLEMENTATIONS = YES;
				CLANG_WARN_DIRECT_OBJC_ISA_USAGE = YES_ERROR;
				CLANG_WARN_DOCUMENTATION_COMMENTS = YES;
				CLANG_WARN_EMPTY_BODY = YES;
				CLANG_WARN_ENUM_CONVERSION = YES;
				CLANG_WARN_INFINITE_RECURSION = YES;
				CLANG_WARN_INT_CONVERSION = YES;
				CLANG_WARN_NON_LITERAL_NULL_CONVERSION = YES;
				CLANG_WARN_OBJC_IMPLICIT_RETAIN_SELF = YES;
				CLANG_WARN_OBJC_LITERAL_CONVERSION = YES;
				CLANG_WARN_OBJC_ROOT_CLASS = YES_ERROR;
				CLANG_WARN_QUOTED_INCLUDE_IN_FRAMEWORK_HEADER = YES;
				CLANG_WARN_RANGE_LOOP_ANALYSIS = YES;
				CLANG_WARN_STRICT_PROTOTYPES = YES;
				CLANG_WARN_SUSPICIOUS_MOVE = YES;
				CLANG_WARN_UNGUARDED_AVAILABILITY = YES_AGGRESSIVE;
				CLANG_WARN_UNREACHABLE_CODE = YES;
				CLANG_WARN__DUPLICATE_METHOD_MATCH = YES;
				COPY_PHASE_STRIP = NO;
				DEBUG_INFORMATION_FORMAT = dwarf;
				ENABLE_STRICT_OBJC_MSGSEND = YES;
				ENABLE_TESTABILITY = YES;
				GCC_C_LANGUAGE_STANDARD = gnu11;
				GCC_DYNAMIC_NO_PIC = NO;
				GCC_NO_COMMON_BLOCKS = YES;
				GCC_OPTIMIZATION_LEVEL = 0;
				GCC_PREPROCESSOR_DEFINITIONS = (
					"DEBUG=1",
					"$(inherited)",
				);
				GCC_WARN_64_TO_32_BIT_CONVERSION = YES;
				GCC_WARN_ABOUT_RETURN_TYPE = YES_ERROR;
				GCC_WARN_UNDECLARED_SELECTOR = YES;
				GCC_WARN_UNINITIALIZED_AUTOS = YES_AGGRESSIVE;
				GCC_WARN_UNUSED_FUNCTION = YES;
				GCC_WARN_UNUSED_VARIABLE = YES;
				MTL_ENABLE_DEBUG_INFO = INCLUDE_SOURCE;
				MTL_FAST_MATH = YES;
				ONLY_ACTIVE_ARCH = YES;
				SWIFT_ACTIVE_COMPILATION_CONDITIONS = DEBUG;
				SWIFT_OPTIMIZATION_LEVEL = "-Onone";
			};
			name = Debug;
		};
		E7DDE2022822CFAB0033B3A1 /* Release */ = {
			isa = XCBuildConfiguration;
			buildSettings = {
				ALWAYS_SEARCH_USER_PATHS = NO;
				CLANG_ANALYZER_NONNULL = YES;
				CLANG_ANALYZER_NUMBER_OBJECT_CONVERSION = YES_AGGRESSIVE;
				CLANG_CXX_LANGUAGE_STANDARD = "gnu++17";
				CLANG_CXX_LIBRARY = "libc++";
				CLANG_ENABLE_MODULES = YES;
				CLANG_ENABLE_OBJC_ARC = YES;
				CLANG_ENABLE_OBJC_WEAK = YES;
				CLANG_WARN_BLOCK_CAPTURE_AUTORELEASING = YES;
				CLANG_WARN_BOOL_CONVERSION = YES;
				CLANG_WARN_COMMA = YES;
				CLANG_WARN_CONSTANT_CONVERSION = YES;
				CLANG_WARN_DEPRECATED_OBJC_IMPLEMENTATIONS = YES;
				CLANG_WARN_DIRECT_OBJC_ISA_USAGE = YES_ERROR;
				CLANG_WARN_DOCUMENTATION_COMMENTS = YES;
				CLANG_WARN_EMPTY_BODY = YES;
				CLANG_WARN_ENUM_CONVERSION = YES;
				CLANG_WARN_INFINITE_RECURSION = YES;
				CLANG_WARN_INT_CONVERSION = YES;
				CLANG_WARN_NON_LITERAL_NULL_CONVERSION = YES;
				CLANG_WARN_OBJC_IMPLICIT_RETAIN_SELF = YES;
				CLANG_WARN_OBJC_LITERAL_CONVERSION = YES;
				CLANG_WARN_OBJC_ROOT_CLASS = YES_ERROR;
				CLANG_WARN_QUOTED_INCLUDE_IN_FRAMEWORK_HEADER = YES;
				CLANG_WARN_RANGE_LOOP_ANALYSIS = YES;
				CLANG_WARN_STRICT_PROTOTYPES = YES;
				CLANG_WARN_SUSPICIOUS_MOVE = YES;
				CLANG_WARN_UNGUARDED_AVAILABILITY = YES_AGGRESSIVE;
				CLANG_WARN_UNREACHABLE_CODE = YES;
				CLANG_WARN__DUPLICATE_METHOD_MATCH = YES;
				COPY_PHASE_STRIP = NO;
				DEBUG_INFORMATION_FORMAT = "dwarf-with-dsym";
				ENABLE_NS_ASSERTIONS = NO;
				ENABLE_STRICT_OBJC_MSGSEND = YES;
				GCC_C_LANGUAGE_STANDARD = gnu11;
				GCC_NO_COMMON_BLOCKS = YES;
				GCC_WARN_64_TO_32_BIT_CONVERSION = YES;
				GCC_WARN_ABOUT_RETURN_TYPE = YES_ERROR;
				GCC_WARN_UNDECLARED_SELECTOR = YES;
				GCC_WARN_UNINITIALIZED_AUTOS = YES_AGGRESSIVE;
				GCC_WARN_UNUSED_FUNCTION = YES;
				GCC_WARN_UNUSED_VARIABLE = YES;
				MTL_ENABLE_DEBUG_INFO = NO;
				MTL_FAST_MATH = YES;
				SWIFT_COMPILATION_MODE = wholemodule;
				SWIFT_OPTIMIZATION_LEVEL = "-O";
			};
			name = Release;
		};
		E7DDE2042822CFAB0033B3A1 /* Debug */ = {
			isa = XCBuildConfiguration;
			buildSettings = {
				ASSETCATALOG_COMPILER_APPICON_NAME = AppIcon;
				ASSETCATALOG_COMPILER_GLOBAL_ACCENT_COLOR_NAME = AccentColor;
				CODE_SIGN_ENTITLEMENTS = "MultiplayerWordGame (iOS).entitlements";
				CODE_SIGN_STYLE = Automatic;
				CURRENT_PROJECT_VERSION = 1;
				DEVELOPMENT_TEAM = FN5YR78T7X;
				ENABLE_PREVIEWS = YES;
				GENERATE_INFOPLIST_FILE = YES;
				INFOPLIST_KEY_UIApplicationSceneManifest_Generation = YES;
				INFOPLIST_KEY_UIApplicationSupportsIndirectInputEvents = YES;
				INFOPLIST_KEY_UILaunchScreen_Generation = YES;
				INFOPLIST_KEY_UIRequiredDeviceCapabilities = gamekit;
				INFOPLIST_KEY_UISupportedInterfaceOrientations_iPad = "UIInterfaceOrientationPortrait UIInterfaceOrientationPortraitUpsideDown UIInterfaceOrientationLandscapeLeft UIInterfaceOrientationLandscapeRight";
				INFOPLIST_KEY_UISupportedInterfaceOrientations_iPhone = "UIInterfaceOrientationPortrait UIInterfaceOrientationLandscapeLeft UIInterfaceOrientationLandscapeRight";
				IPHONEOS_DEPLOYMENT_TARGET = 14.0;
				LD_RUNPATH_SEARCH_PATHS = (
					"$(inherited)",
					"@executable_path/Frameworks",
				);
				MARKETING_VERSION = 1.0;
				PRODUCT_BUNDLE_IDENTIFIER = org.janiskirsteins.MultiplayerWordGame;
				PRODUCT_NAME = MultiplayerWordGame;
				SDKROOT = iphoneos;
				SWIFT_EMIT_LOC_STRINGS = YES;
				SWIFT_VERSION = 5.0;
				TARGETED_DEVICE_FAMILY = "1,2";
			};
			name = Debug;
		};
		E7DDE2052822CFAB0033B3A1 /* Release */ = {
			isa = XCBuildConfiguration;
			buildSettings = {
				ASSETCATALOG_COMPILER_APPICON_NAME = AppIcon;
				ASSETCATALOG_COMPILER_GLOBAL_ACCENT_COLOR_NAME = AccentColor;
				CODE_SIGN_ENTITLEMENTS = "MultiplayerWordGame (iOS).entitlements";
				CODE_SIGN_STYLE = Automatic;
				CURRENT_PROJECT_VERSION = 1;
				DEVELOPMENT_TEAM = FN5YR78T7X;
				ENABLE_PREVIEWS = YES;
				GENERATE_INFOPLIST_FILE = YES;
				INFOPLIST_KEY_UIApplicationSceneManifest_Generation = YES;
				INFOPLIST_KEY_UIApplicationSupportsIndirectInputEvents = YES;
				INFOPLIST_KEY_UILaunchScreen_Generation = YES;
				INFOPLIST_KEY_UIRequiredDeviceCapabilities = gamekit;
				INFOPLIST_KEY_UISupportedInterfaceOrientations_iPad = "UIInterfaceOrientationPortrait UIInterfaceOrientationPortraitUpsideDown UIInterfaceOrientationLandscapeLeft UIInterfaceOrientationLandscapeRight";
				INFOPLIST_KEY_UISupportedInterfaceOrientations_iPhone = "UIInterfaceOrientationPortrait UIInterfaceOrientationLandscapeLeft UIInterfaceOrientationLandscapeRight";
				IPHONEOS_DEPLOYMENT_TARGET = 14.0;
				LD_RUNPATH_SEARCH_PATHS = (
					"$(inherited)",
					"@executable_path/Frameworks",
				);
				MARKETING_VERSION = 1.0;
				PRODUCT_BUNDLE_IDENTIFIER = org.janiskirsteins.MultiplayerWordGame;
				PRODUCT_NAME = MultiplayerWordGame;
				SDKROOT = iphoneos;
				SWIFT_EMIT_LOC_STRINGS = YES;
				SWIFT_VERSION = 5.0;
				TARGETED_DEVICE_FAMILY = "1,2";
				VALIDATE_PRODUCT = YES;
			};
			name = Release;
		};
		E7DDE2072822CFAB0033B3A1 /* Debug */ = {
			isa = XCBuildConfiguration;
			buildSettings = {
				ASSETCATALOG_COMPILER_APPICON_NAME = AppIcon;
				ASSETCATALOG_COMPILER_GLOBAL_ACCENT_COLOR_NAME = AccentColor;
				CODE_SIGN_ENTITLEMENTS = macOS/macOS.entitlements;
				CODE_SIGN_IDENTITY = "Apple Development";
				CODE_SIGN_STYLE = Automatic;
				COMBINE_HIDPI_IMAGES = YES;
				CURRENT_PROJECT_VERSION = 1;
				DEVELOPMENT_TEAM = FN5YR78T7X;
				ENABLE_HARDENED_RUNTIME = YES;
				ENABLE_PREVIEWS = YES;
				GENERATE_INFOPLIST_FILE = YES;
				INFOPLIST_KEY_NSHumanReadableCopyright = "";
				LD_RUNPATH_SEARCH_PATHS = (
					"$(inherited)",
					"@executable_path/../Frameworks",
				);
				MACOSX_DEPLOYMENT_TARGET = 12.0;
				MARKETING_VERSION = 1.0;
				PRODUCT_BUNDLE_IDENTIFIER = org.janiskirsteins.MultiplayerWordGame;
				PRODUCT_NAME = MultiplayerWordGame;
				SDKROOT = macosx;
				SWIFT_EMIT_LOC_STRINGS = YES;
				SWIFT_VERSION = 5.0;
			};
			name = Debug;
		};
		E7DDE2082822CFAB0033B3A1 /* Release */ = {
			isa = XCBuildConfiguration;
			buildSettings = {
				ASSETCATALOG_COMPILER_APPICON_NAME = AppIcon;
				ASSETCATALOG_COMPILER_GLOBAL_ACCENT_COLOR_NAME = AccentColor;
				CODE_SIGN_ENTITLEMENTS = macOS/macOS.entitlements;
				CODE_SIGN_IDENTITY = "Apple Development";
				CODE_SIGN_STYLE = Automatic;
				COMBINE_HIDPI_IMAGES = YES;
				CURRENT_PROJECT_VERSION = 1;
				DEVELOPMENT_TEAM = FN5YR78T7X;
				ENABLE_HARDENED_RUNTIME = YES;
				ENABLE_PREVIEWS = YES;
				GENERATE_INFOPLIST_FILE = YES;
				INFOPLIST_KEY_NSHumanReadableCopyright = "";
				LD_RUNPATH_SEARCH_PATHS = (
					"$(inherited)",
					"@executable_path/../Frameworks",
				);
				MACOSX_DEPLOYMENT_TARGET = 12.0;
				MARKETING_VERSION = 1.0;
				PRODUCT_BUNDLE_IDENTIFIER = org.janiskirsteins.MultiplayerWordGame;
				PRODUCT_NAME = MultiplayerWordGame;
				SDKROOT = macosx;
				SWIFT_EMIT_LOC_STRINGS = YES;
				SWIFT_VERSION = 5.0;
			};
			name = Release;
		};
/* End XCBuildConfiguration section */

/* Begin XCConfigurationList section */
		E7DDE1E92822CFA90033B3A1 /* Build configuration list for PBXProject "MultiplayerWordGame" */ = {
			isa = XCConfigurationList;
			buildConfigurations = (
				E7DDE2012822CFAB0033B3A1 /* Debug */,
				E7DDE2022822CFAB0033B3A1 /* Release */,
			);
			defaultConfigurationIsVisible = 0;
			defaultConfigurationName = Release;
		};
		E7DDE2032822CFAB0033B3A1 /* Build configuration list for PBXNativeTarget "MultiplayerWordGame (iOS)" */ = {
			isa = XCConfigurationList;
			buildConfigurations = (
				E7DDE2042822CFAB0033B3A1 /* Debug */,
				E7DDE2052822CFAB0033B3A1 /* Release */,
			);
			defaultConfigurationIsVisible = 0;
			defaultConfigurationName = Release;
		};
		E7DDE2062822CFAB0033B3A1 /* Build configuration list for PBXNativeTarget "MultiplayerWordGame (macOS)" */ = {
			isa = XCConfigurationList;
			buildConfigurations = (
				E7DDE2072822CFAB0033B3A1 /* Debug */,
				E7DDE2082822CFAB0033B3A1 /* Release */,
			);
			defaultConfigurationIsVisible = 0;
			defaultConfigurationName = Release;
		};
/* End XCConfigurationList section */
	};
	rootObject = E7DDE1E62822CFA90033B3A1 /* Project object */;
}
